
Microsoft Visual Studio Solution File, Format Version 12.00
# Visual Studio Version 17
VisualStudioVersion = 17.8.34525.116
MinimumVisualStudioVersion = 10.0.40219.1
Project("{FAE04EC0-301F-11D3-BF4B-00C04F79EFBC}") = "intro", "intro\intro.csproj", "{1698C11F-517A-45B4-87B3-0548BCF72CB8}"
EndProject
Global
	GlobalSection(SolutionConfigurationPlatforms) = preSolution
		Debug|Any CPU = Debug|Any CPU
		Release|Any CPU = Release|Any CPU
	EndGlobalSection
	GlobalSection(ProjectConfigurationPlatforms) = postSolution
		{1698C11F-517A-45B4-87B3-0548BCF72CB8}.Debug|Any CPU.ActiveCfg = Debug|Any CPU
		{1698C11F-517A-45B4-87B3-0548BCF72CB8}.Debug|Any CPU.Build.0 = Debug|Any CPU
		{1698C11F-517A-45B4-87B3-0548BCF72CB8}.Release|Any CPU.ActiveCfg = Release|Any CPU
		{1698C11F-517A-45B4-87B3-0548BCF72CB8}.Release|Any CPU.Build.0 = Release|Any CPU
	EndGlobalSection
	GlobalSection(SolutionProperties) = preSolution
		HideSolutionNode = FALSE
	EndGlobalSection
	GlobalSection(ExtensibilityGlobals) = postSolution
		SolutionGuid = {B3140631-15B6-44BB-BEFD-1F6D8F3EAB5E}
	EndGlobalSection
EndGlobal
